{
  "version": "2",
  "remote": {
    "https://deno.land/std@0.195.0/assert/assert.ts": "9a97dad6d98c238938e7540736b826440ad8c1c1e54430ca4c4e623e585607ee",
    "https://deno.land/std@0.195.0/assert/assertion_error.ts": "4d0bde9b374dfbcbe8ac23f54f567b77024fb67dbb1906a852d67fe050d42f56",
    "https://deno.land/std@0.195.0/bytes/bytes_list.ts": "31d664f4d42fa922066405d0e421c56da89d751886ee77bbe25a88bf0310c9d0",
    "https://deno.land/std@0.195.0/bytes/concat.ts": "d26d6f3d7922e6d663dacfcd357563b7bf4a380ce5b9c2bbe0c8586662f25ce2",
    "https://deno.land/std@0.195.0/bytes/copy.ts": "939d89e302a9761dcf1d9c937c7711174ed74c59eef40a1e4569a05c9de88219",
    "https://deno.land/std@0.195.0/bytes/ends_with.ts": "4228811ebc71615d27f065c54b5e815ec1972538772b0f413c0efe05245b472e",
    "https://deno.land/std@0.195.0/bytes/equals.ts": "fc190cce412b2136979181b163ec7e05f7e7a947e39102eee4b8c0d62519ddf9",
    "https://deno.land/std@0.195.0/bytes/includes_needle.ts": "76a8163126fb2f8bf86fd7f22192c3bb04bf6a20b987a095127c2ca08adf3ba6",
    "https://deno.land/std@0.195.0/bytes/index_of_needle.ts": "9c06610e9611b5647ac25952e71a22e09227c9f1b8cbeeb33399bf8bf8a7f649",
    "https://deno.land/std@0.195.0/bytes/last_index_of_needle.ts": "f1602f221c3b678bc4f1e1c88a70a15ab7da32c21751dbbc6c957c956951d784",
    "https://deno.land/std@0.195.0/bytes/mod.ts": "e869bba1e7a2e3a9cc6c2d55471888429a544e70a840c087672e656e7ba21815",
    "https://deno.land/std@0.195.0/bytes/repeat.ts": "6f5e490d8d72bcbf8d84a6bb04690b9b3eb5822c5a11687bca73a2318a842294",
    "https://deno.land/std@0.195.0/bytes/starts_with.ts": "3e607a70c9c09f5140b7a7f17a695221abcc7244d20af3eb47ccbb63f5885135",
    "https://deno.land/std@0.195.0/fmt/colors.ts": "a7eecffdf3d1d54db890723b303847b6e0a1ab4b528ba6958b8f2e754cf1b3bc",
    "https://deno.land/std@0.195.0/fs/exists.ts": "29c26bca8584a22876be7cb8844f1b6c8fc35e9af514576b78f5c6884d7ed02d",
    "https://deno.land/std@0.195.0/io/buf_writer.ts": "48c33c8f00b61dcbc7958706741cec8e59810bd307bc6a326cbd474fe8346dfd",
    "https://deno.land/std@0.195.0/log/handlers.ts": "38871ecbfa67b0d39dc3384210439ac9a13cba6118b912236f9011b5989b9a4d",
    "https://deno.land/std@0.195.0/log/levels.ts": "6309147664e9e008cd6671610f2505c4c95f181f6bae4816a84b33e0aec66859",
    "https://deno.land/std@0.195.0/log/logger.ts": "257ceb47e3f5f872068073de9809b015a7400e8d86dd40563c1d80169e578f71",
    "https://deno.land/std@0.195.0/log/mod.ts": "cc1989f3290b792271f41f4cba392a367520564efbc892be1e00dee423ccd3d9",
    "https://deno.land/std@0.195.0/streams/_common.ts": "f45cba84f0d813de3326466095539602364a9ba521f804cc758f7a475cda692d",
    "https://deno.land/std@0.195.0/streams/iterate_reader.ts": "bbec1d45c2df2c0c5920bad0549351446fdc8e0886d99e95959b259dbcdb6072",
    "https://deno.land/std@0.202.0/encoding/hex.ts": "b4e346619c0535a5db48d6bdb6e057c8d1179c64a2b0ba8d3b0b8a79ae361a90",
    "https://deno.land/std@0.203.0/assert/assert.ts": "9a97dad6d98c238938e7540736b826440ad8c1c1e54430ca4c4e623e585607ee",
    "https://deno.land/std@0.203.0/assert/assertion_error.ts": "4d0bde9b374dfbcbe8ac23f54f567b77024fb67dbb1906a852d67fe050d42f56",
    "https://deno.land/std@0.203.0/flags/mod.ts": "0948466fc437f017f00c0b972a422b3dc3317a790bcf326429d23182977eaf9f",
    "https://deno.land/std@0.90.0/_util/assert.ts": "2f868145a042a11d5ad0a3c748dcf580add8a0dbc0e876eaa0026303a5488f58",
    "https://deno.land/std@0.90.0/async/deferred.ts": "f89ed49ba5e1dd0227c6bd5b23f017be46c3f92e4f0338dda08ff5aa54b9f6c9",
    "https://deno.land/std@0.90.0/async/delay.ts": "9de1d8d07d1927767ab7f82434b883f3d8294fb19cad819691a2ad81a728cf3d",
    "https://deno.land/std@0.90.0/async/mod.ts": "253b41c658d768613eacfb11caa0a9ca7148442f932018a45576f7f27554c853",
    "https://deno.land/std@0.90.0/async/mux_async_iterator.ts": "b9091909db04cdb0af6f7807677372f64c1488de6c4bd86004511b064bf230d6",
    "https://deno.land/std@0.90.0/async/pool.ts": "876f9e6815366cd017a3b4fbb9e9ae40310b1b6972f1bd541c94358bc11fb7e5",
    "https://deno.land/std@0.90.0/fmt/colors.ts": "db22b314a2ae9430ae7460ce005e0a7130e23ae1c999157e3bb77cf55800f7e4",
    "https://deno.land/std@0.90.0/node/_utils.ts": "067c386d676432e9418808851e8de72df7774f009a652904f62358b4c94504cf",
    "https://deno.land/std@0.90.0/node/events.ts": "0feda0707e2229363f5df8b799fed41bb91de6ca7106f27c7a9f0a02ea11b9d4",
    "https://deno.land/std@0.90.0/testing/_diff.ts": "961eaf6d9f5b0a8556c9d835bbc6fa74f5addd7d3b02728ba7936ff93364f7a3",
    "https://deno.land/std@0.90.0/testing/asserts.ts": "83889f9a37bdab16cb68b023a15f9172ceb644f62c0e727c72d4870a666e53d6",
    "https://deno.land/x/csv@v0.9.2/deps.ts": "2dbcf1cf21dade8b2a1abe51fcdfc735e63294f9f06396d33a41bab2e8ee000b",
    "https://deno.land/x/csv@v0.9.2/mod.ts": "2a13285c8716257aa5d6b5021d45c74dcb275eaaa46776106ddf78b071cabd88",
    "https://deno.land/x/csv@v0.9.2/reader.ts": "88b1d0d6d781f51e2cdd0dd9e58447a62f0b6864f937db6b961243f3c6081f7e",
    "https://deno.land/x/csv@v0.9.2/utils.ts": "7f2467acb031244c150774b9d6caa5e8c40f9857031a947c6ad20765c5d7bd20",
    "https://deno.land/x/csv@v0.9.2/writer.ts": "18a46b755cc215695862d3a896b3a7b24b33cb7ee626cbebeb7138193cb7edcf",
    "https://deno.land/x/xml@2.1.1/mod.ts": "4a314a7a28d1ec92f899ce4c6991f0356c77550a75955ec3f4a36733f08548e8",
    "https://deno.land/x/xml@2.1.1/parse.ts": "614b8648345ae93c641368836947484d321c7ac9312ae12ec750434353cd7385",
    "https://deno.land/x/xml@2.1.1/stringify.ts": "930d35431f153b29d36549cff08fcfbe978e52ccb56af1e3baa2e0760f418b04",
    "https://deno.land/x/xml@2.1.1/utils/parser.ts": "7f3b00aefabdd6d47e17061cbc35c3c4d44cc1ed174180b7eb70184e56bb5ba6",
    "https://deno.land/x/xml@2.1.1/utils/stream.ts": "056e2f368d47932d77e431bbc4a8292359171cc9ce881ea31ce0aae30d763e68",
    "https://deno.land/x/xml@2.1.1/utils/streamable.ts": "1603a5f10c859b95d4e9502365a0fba0b19d5d068356e20d5a6813cd37fee780",
    "https://deno.land/x/xml@2.1.1/utils/stringifier.ts": "c701b506835237c0c6c0a08fd94e0a012b644def3f4c819c64788daf2e649ea3",
    "https://deno.land/x/xml@2.1.1/utils/types.ts": "ecaf7785e54a6f1da6f8e56da2bce9853407ceb7d5b3b70f0a60a0890151fe4c",
    "https://esm.sh/linkedom@0.15.4": "9fc80318d8e0db543dd5d803c3e8dacd7edf44f34e8be710d0b4d7715aa6ddcd",
    "https://esm.sh/v132/boolbase@1.0.0/denonext/boolbase.mjs": "4e3bd67e9b1c5c55094eae98345d0107c6a44ef57bd3d4b9579698fa44722280",
    "https://esm.sh/v132/canvas@2.11.2/denonext/canvas.mjs": "4245b1d01d91b5e807b85e40e98efe28c93634260bd8cb5ac0da71c42098a1a4",
    "https://esm.sh/v132/css-select@5.1.0/denonext/css-select.mjs": "8d0f5d491eef898af6cab525d3fa421cc285740e14a17415a6d54598a2439f17",
    "https://esm.sh/v132/css-what@6.1.0/denonext/css-what.mjs": "283d02df6fef73d3223b55324b559b363dd0e4c008ea1efbcf9f14b8f2642202",
    "https://esm.sh/v132/cssom@0.5.0/denonext/cssom.mjs": "c4216df78cba2c7be94853258b6b28c681e60ff89d4aeb3149b0ac91302be428",
    "https://esm.sh/v132/dom-serializer@2.0.0/denonext/dom-serializer.mjs": "1f82d2318cdb61cbe91ff6989c4d70b51860c690e898f6b083acb1e91f88ef99",
    "https://esm.sh/v132/domelementtype@2.3.0/denonext/domelementtype.mjs": "371936c356d5ac797f2ce3a66b98dfc73e6fff0e095b2858b85668e6ad7d10e0",
    "https://esm.sh/v132/domhandler@5.0.3/denonext/domhandler.mjs": "ec64be79abc24f78de56ccc3ba40d4c86ffc949fc2e67e3f30c4dc1584996f5e",
    "https://esm.sh/v132/domutils@3.1.0/denonext/domutils.mjs": "8b05e6c259b500276e1c15f3652051ac3b43b6a7a15ab05263c6ef086a0b688c",
    "https://esm.sh/v132/entities@4.5.0/denonext/entities.mjs": "e491f306bcd67703da07e7a4364656fc109d55cc871422c282ed7829b8bfbfab",
    "https://esm.sh/v132/entities@4.5.0/denonext/lib/decode.js": "7fea6d8bd725edbbf7ea05031d2ea1bbbc1166dc11e3345d541198dd2dc16f1e",
    "https://esm.sh/v132/htmlparser2@8.0.2/denonext/htmlparser2.mjs": "35ddfbc8c7a644d43fcc668670f315327a0512de0b094fc3204b0688ad3d57cb",
    "https://esm.sh/v132/linkedom@0.15.4/denonext/linkedom.mjs": "eed6a042f0bcf40b138e718d77b98ccb2a7b22dfb57be19db3cc93c181c00642",
    "https://esm.sh/v132/nth-check@2.1.1/denonext/nth-check.mjs": "e96bab192d2d88c8b8022115f9e3d8f3ef03aefd4a75117613e953dc33cfa2f4",
    "https://esm.sh/v132/uhyphen@0.2.0/denonext/uhyphen.mjs": "53c707ad31488ef2f131e2ac9257d91b7b590a777e60288a34b3a04f1e65ad5a"
  },
  "npm": {
    "specifiers": {
      "@types/highland": "@types/highland@2.12.16",
      "highland@2.13.5": "highland@2.13.5"
    },
    "packages": {
      "@types/highland@2.12.16": {
        "integrity": "sha512-XgYGuS5qDlV95AgFvbRNO6/ps4LSoCUHbUPUnl3abL5XsX+yCJh3iPT5CoDtMI1MOgDUm4sXPGBiUp61vglZDA==",
        "dependencies": {
          "@types/node": "@types/node@20.1.3"
        }
      },
      "@types/node@20.1.3": {
        "integrity": "sha512-NP2yfZpgmf2eDRPmgGq+fjGjSwFgYbihA8/gK+ey23qT9RkxsgNTZvGOEpXgzIGqesTYkElELLgtKoMQTys5vA==",
        "dependencies": {}
      },
      "highland@2.13.5": {
        "integrity": "sha512-dn2flPapIIAa4BtkB2ahjshg8iSJtrJtdhEb9/oiOrS5HMQTR/GuhFpqJ+11YBdtnl3AwWKvbZd1Uxr8uAmA7A==",
        "dependencies": {
          "util-deprecate": "util-deprecate@1.0.2"
        }
      },
      "util-deprecate@1.0.2": {
        "integrity": "sha512-EPD5q1uXyFxJpCrLnCc1nHnq3gOa6DZBocAIiI2TaSCA7VCJ1UJDMagCzIkXNsUYfD1daK//LTEQ8xiIbrHtcw==",
        "dependencies": {}
      }
    }
  }
}
